
Microsoft Visual Studio Solution File, Format Version 12.00
Project("{FAE04EC0-301F-11D3-BF4B-00C04F79EFBC}") = "Stickies", "Stickies.csproj", "{C038C137-6B30-4448-8D61-B1DD78943BF1}"
EndProject
Global
	GlobalSection(SolutionConfigurationPlatforms) = preSolution
		Debug|Any CPU = Debug|Any CPU
		Release|Any CPU = Release|Any CPU
	EndGlobalSection
	GlobalSection(ProjectConfigurationPlatforms) = postSolution
		{C038C137-6B30-4448-8D61-B1DD78943BF1}.Debug|Any CPU.ActiveCfg = Debug|Any CPU
		{C038C137-6B30-4448-8D61-B1DD78943BF1}.Debug|Any CPU.Build.0 = Debug|Any CPU
		{C038C137-6B30-4448-8D61-B1DD78943BF1}.Release|Any CPU.ActiveCfg = Release|Any CPU
		{C038C137-6B30-4448-8D61-B1DD78943BF1}.Release|Any CPU.Build.0 = Release|Any CPU
	EndGlobalSection
EndGlobal
